
Microsoft Visual Studio Solution File, Format Version 12.00
# Visual Studio Version 17
VisualStudioVersion = 17.6.33829.357
MinimumVisualStudioVersion = 10.0.40219.1
Project("{FAE04EC0-301F-11D3-BF4B-00C04F79EFBC}") = "StringCalculatorKata", "StringCalculatorKata\StringCalculatorKata.csproj", "{9F8BFEB5-15AF-4494-B156-13C719F0D460}"
EndProject
Global
	GlobalSection(SolutionConfigurationPlatforms) = preSolution
		Debug|Any CPU = Debug|Any CPU
		Release|Any CPU = Release|Any CPU
	EndGlobalSection
	GlobalSection(ProjectConfigurationPlatforms) = postSolution
		{9F8BFEB5-15AF-4494-B156-13C719F0D460}.Debug|Any CPU.ActiveCfg = Debug|Any CPU
		{9F8BFEB5-15AF-4494-B156-13C719F0D460}.Debug|Any CPU.Build.0 = Debug|Any CPU
		{9F8BFEB5-15AF-4494-B156-13C719F0D460}.Release|Any CPU.ActiveCfg = Release|Any CPU
		{9F8BFEB5-15AF-4494-B156-13C719F0D460}.Release|Any CPU.Build.0 = Release|Any CPU
	EndGlobalSection
	GlobalSection(SolutionProperties) = preSolution
		HideSolutionNode = FALSE
	EndGlobalSection
	GlobalSection(ExtensibilityGlobals) = postSolution
		SolutionGuid = {9A6D9565-1C98-4308-A03A-344B9915CE9D}
	EndGlobalSection
EndGlobal
